Microsoft Visual Studio Solution File, Format Version 12.00
# Visual Studio Version 17
VisualStudioVersion = 17.8.34330.188
MinimumVisualStudioVersion = 10.0.40219.1
Project("{9A19103F-16F7-4668-BE54-9A1E7A4F7556}") = "DisplayMagician", "DisplayMagician\DisplayMagician.csproj", "{608D941A-B431-400C-A91D-C6F971C29577}"
EndProject
Project("{FAE04EC0-301F-11D3-BF4B-00C04F79EFBC}") = "DisplayMagicianShellExtension", "DisplayMagicianShellExtension\DisplayMagicianShellExtension.csproj", "{55D4FF65-EDC7-48EF-933E-B6E7F3809B68}"
EndProject
Project("{9A19103F-16F7-4668-BE54-9A1E7A4F7556}") = "DisplayMagicianShared", "DisplayMagicianShared\DisplayMagicianShared.csproj", "{1CACDA43-01C7-4CD4-BF6E-9421A29510FC}"
EndProject
Project("{930C7802-8A8C-48F9-8165-68863BCCD9DD}") = "DisplayMagicianSetup", "DisplayMagicianSetup\DisplayMagicianSetup.wixproj", "{DFD22D4D-F2E4-4BA4-B32A-7A990A35BA08}"
EndProject
Project("{2150E333-8FDC-42A3-9474-1A3956D46DE8}") = "Solution Items", "Solution Items", "{3B959DA6-15D5-4421-A7BA-D8EB5A9F9D97}"
	ProjectSection(SolutionItems) = preProject
		.editorconfig = .editorconfig
	EndProjectSection
EndProject
Project("{9A19103F-16F7-4668-BE54-9A1E7A4F7556}") = "DisplayMagicianConsole", "DisplayMagicianConsole\DisplayMagicianConsole.csproj", "{CF589774-7E28-4C1A-B4C3-56776A4AD3E4}"
EndProject
Project("{54435603-DBB4-11D2-8724-00A0C9A8B90C}") = "DisplayMagicianSetup2", "DisplayMagicianSetup2\DisplayMagicianSetup2.vdproj", "{CB53499C-5139-40B3-B0C4-5DBAC009E775}"
EndProject
Global
	GlobalSection(SolutionConfigurationPlatforms) = preSolution
		Debug|AnyCPU = Debug|AnyCPU
		Debug|x64 = Debug|x64
		Debug|x86 = Debug|x86
		Release|AnyCPU = Release|AnyCPU
		Release|x64 = Release|x64
		Release|x86 = Release|x86
	EndGlobalSection
	GlobalSection(ProjectConfigurationPlatforms) = postSolution
		{608D941A-B431-400C-A91D-C6F971C29577}.Debug|AnyCPU.ActiveCfg = Debug|Any CPU
		{608D941A-B431-400C-A91D-C6F971C29577}.Debug|AnyCPU.Build.0 = Debug|Any CPU
		{608D941A-B431-400C-A91D-C6F971C29577}.Debug|x64.ActiveCfg = Debug|Any CPU
		{608D941A-B431-400C-A91D-C6F971C29577}.Debug|x64.Build.0 = Debug|Any CPU
		{608D941A-B431-400C-A91D-C6F971C29577}.Debug|x86.ActiveCfg = Debug|Any CPU
		{608D941A-B431-400C-A91D-C6F971C29577}.Debug|x86.Build.0 = Debug|Any CPU
		{608D941A-B431-400C-A91D-C6F971C29577}.Release|AnyCPU.ActiveCfg = Release|Any CPU
		{608D941A-B431-400C-A91D-C6F971C29577}.Release|AnyCPU.Build.0 = Release|Any CPU
		{608D941A-B431-400C-A91D-C6F971C29577}.Release|x64.ActiveCfg = Release|Any CPU
		{608D941A-B431-400C-A91D-C6F971C29577}.Release|x64.Build.0 = Release|Any CPU
		{608D941A-B431-400C-A91D-C6F971C29577}.Release|x86.ActiveCfg = Release|Any CPU
		{608D941A-B431-400C-A91D-C6F971C29577}.Release|x86.Build.0 = Release|Any CPU
		{55D4FF65-EDC7-48EF-933E-B6E7F3809B68}.Debug|AnyCPU.ActiveCfg = Debug|Any CPU
		{55D4FF65-EDC7-48EF-933E-B6E7F3809B68}.Debug|AnyCPU.Build.0 = Debug|Any CPU
		{55D4FF65-EDC7-48EF-933E-B6E7F3809B68}.Debug|x64.ActiveCfg = Debug|Any CPU
		{55D4FF65-EDC7-48EF-933E-B6E7F3809B68}.Debug|x64.Build.0 = Debug|Any CPU
		{55D4FF65-EDC7-48EF-933E-B6E7F3809B68}.Debug|x86.ActiveCfg = Debug|Any CPU
		{55D4FF65-EDC7-48EF-933E-B6E7F3809B68}.Debug|x86.Build.0 = Debug|Any CPU
		{55D4FF65-EDC7-48EF-933E-B6E7F3809B68}.Release|AnyCPU.ActiveCfg = Release|Any CPU
		{55D4FF65-EDC7-48EF-933E-B6E7F3809B68}.Release|AnyCPU.Build.0 = Release|Any CPU
		{55D4FF65-EDC7-48EF-933E-B6E7F3809B68}.Release|x64.ActiveCfg = Release|Any CPU
		{55D4FF65-EDC7-48EF-933E-B6E7F3809B68}.Release|x64.Build.0 = Release|Any CPU
		{55D4FF65-EDC7-48EF-933E-B6E7F3809B68}.Release|x86.ActiveCfg = Release|Any CPU
		{55D4FF65-EDC7-48EF-933E-B6E7F3809B68}.Release|x86.Build.0 = Release|Any CPU
		{1CACDA43-01C7-4CD4-BF6E-9421A29510FC}.Debug|AnyCPU.ActiveCfg = Debug|Any CPU
		{1CACDA43-01C7-4CD4-BF6E-9421A29510FC}.Debug|AnyCPU.Build.0 = Debug|Any CPU
		{1CACDA43-01C7-4CD4-BF6E-9421A29510FC}.Debug|x64.ActiveCfg = Debug|Any CPU
		{1CACDA43-01C7-4CD4-BF6E-9421A29510FC}.Debug|x64.Build.0 = Debug|Any CPU
		{1CACDA43-01C7-4CD4-BF6E-9421A29510FC}.Debug|x86.ActiveCfg = Debug|Any CPU
		{1CACDA43-01C7-4CD4-BF6E-9421A29510FC}.Debug|x86.Build.0 = Debug|Any CPU
		{1CACDA43-01C7-4CD4-BF6E-9421A29510FC}.Release|AnyCPU.ActiveCfg = Release|Any CPU
		{1CACDA43-01C7-4CD4-BF6E-9421A29510FC}.Release|AnyCPU.Build.0 = Release|Any CPU
		{1CACDA43-01C7-4CD4-BF6E-9421A29510FC}.Release|x64.ActiveCfg = Release|Any CPU
		{1CACDA43-01C7-4CD4-BF6E-9421A29510FC}.Release|x64.Build.0 = Release|Any CPU
		{1CACDA43-01C7-4CD4-BF6E-9421A29510FC}.Release|x86.ActiveCfg = Release|Any CPU
		{1CACDA43-01C7-4CD4-BF6E-9421A29510FC}.Release|x86.Build.0 = Release|Any CPU
		{DFD22D4D-F2E4-4BA4-B32A-7A990A35BA08}.Debug|AnyCPU.ActiveCfg = Debug|x64
		{DFD22D4D-F2E4-4BA4-B32A-7A990A35BA08}.Debug|AnyCPU.Build.0 = Debug|x64
		{DFD22D4D-F2E4-4BA4-B32A-7A990A35BA08}.Debug|x64.ActiveCfg = Debug|x64
		{DFD22D4D-F2E4-4BA4-B32A-7A990A35BA08}.Debug|x64.Build.0 = Debug|x64
		{DFD22D4D-F2E4-4BA4-B32A-7A990A35BA08}.Debug|x86.ActiveCfg = Debug|x86
		{DFD22D4D-F2E4-4BA4-B32A-7A990A35BA08}.Debug|x86.Build.0 = Debug|x86
		{DFD22D4D-F2E4-4BA4-B32A-7A990A35BA08}.Release|AnyCPU.ActiveCfg = Release|x64
		{DFD22D4D-F2E4-4BA4-B32A-7A990A35BA08}.Release|AnyCPU.Build.0 = Release|x64
		{DFD22D4D-F2E4-4BA4-B32A-7A990A35BA08}.Release|x64.ActiveCfg = Release|x64
		{DFD22D4D-F2E4-4BA4-B32A-7A990A35BA08}.Release|x64.Build.0 = Release|x64
		{DFD22D4D-F2E4-4BA4-B32A-7A990A35BA08}.Release|x86.ActiveCfg = Release|x86
		{DFD22D4D-F2E4-4BA4-B32A-7A990A35BA08}.Release|x86.Build.0 = Release|x86
		{CF589774-7E28-4C1A-B4C3-56776A4AD3E4}.Debug|AnyCPU.ActiveCfg = Debug|Any CPU
		{CF589774-7E28-4C1A-B4C3-56776A4AD3E4}.Debug|AnyCPU.Build.0 = Debug|Any CPU
		{CF589774-7E28-4C1A-B4C3-56776A4AD3E4}.Debug|x64.ActiveCfg = Debug|Any CPU
		{CF589774-7E28-4C1A-B4C3-56776A4AD3E4}.Debug|x64.Build.0 = Debug|Any CPU
		{CF589774-7E28-4C1A-B4C3-56776A4AD3E4}.Debug|x86.ActiveCfg = Debug|Any CPU
		{CF589774-7E28-4C1A-B4C3-56776A4AD3E4}.Debug|x86.Build.0 = Debug|Any CPU
		{CF589774-7E28-4C1A-B4C3-56776A4AD3E4}.Release|AnyCPU.ActiveCfg = Release|Any CPU
		{CF589774-7E28-4C1A-B4C3-56776A4AD3E4}.Release|AnyCPU.Build.0 = Release|Any CPU
		{CF589774-7E28-4C1A-B4C3-56776A4AD3E4}.Release|x64.ActiveCfg = Release|Any CPU
		{CF589774-7E28-4C1A-B4C3-56776A4AD3E4}.Release|x64.Build.0 = Release|Any CPU
		{CF589774-7E28-4C1A-B4C3-56776A4AD3E4}.Release|x86.ActiveCfg = Release|Any CPU
		{CF589774-7E28-4C1A-B4C3-56776A4AD3E4}.Release|x86.Build.0 = Release|Any CPU
		{CB53499C-5139-40B3-B0C4-5DBAC009E775}.Debug|AnyCPU.ActiveCfg = Debug
		{CB53499C-5139-40B3-B0C4-5DBAC009E775}.Debug|x64.ActiveCfg = Debug
		{CB53499C-5139-40B3-B0C4-5DBAC009E775}.Debug|x86.ActiveCfg = Debug
		{CB53499C-5139-40B3-B0C4-5DBAC009E775}.Release|AnyCPU.ActiveCfg = Release
		{CB53499C-5139-40B3-B0C4-5DBAC009E775}.Release|x64.ActiveCfg = Release
		{CB53499C-5139-40B3-B0C4-5DBAC009E775}.Release|x86.ActiveCfg = Release
	EndGlobalSection
	GlobalSection(SolutionProperties) = preSolution
		HideSolutionNode = FALSE
	EndGlobalSection
	GlobalSection(ExtensibilityGlobals) = postSolution
		SolutionGuid = {2F7B8012-31EA-46A2-9B55-7BE90D969F61}
	EndGlobalSection
EndGlobal
