Microsoft Visual Studio Solution File, Format Version 12.00
# Visual Studio Version 17
VisualStudioVersion = 17.8.34330.188
MinimumVisualStudioVersion = 10.0.40219.1
Project("{9A19103F-16F7-4668-BE54-9A1E7A4F7556}") = "DisplayMagician", "DisplayMagician\DisplayMagician.csproj", "{608D941A-B431-400C-A91D-C6F971C29577}"
EndProject
Project("{9A19103F-16F7-4668-BE54-9A1E7A4F7556}") = "DisplayMagicianShared", "DisplayMagicianShared\DisplayMagicianShared.csproj", "{1CACDA43-01C7-4CD4-BF6E-9421A29510FC}"
EndProject
Project("{B7DD6F7E-DEF8-4E67-B5B7-07EF123DB6F0}") = "DisplayMagicianSetupOld", "DisplayMagicianSetupOld\DisplayMagicianSetupOld.wixproj", "{DFD22D4D-F2E4-4BA4-B32A-7A990A35BA08}"
EndProject
Project("{2150E333-8FDC-42A3-9474-1A3956D46DE8}") = "Solution Items", "Solution Items", "{3B959DA6-15D5-4421-A7BA-D8EB5A9F9D97}"
	ProjectSection(SolutionItems) = preProject
		.editorconfig = .editorconfig
	EndProjectSection
EndProject
Project("{9A19103F-16F7-4668-BE54-9A1E7A4F7556}") = "DisplayMagicianConsole", "DisplayMagicianConsole\DisplayMagicianConsole.csproj", "{CF589774-7E28-4C1A-B4C3-56776A4AD3E4}"
EndProject
Project("{54435603-DBB4-11D2-8724-00A0C9A8B90C}") = "DisplayMagicianSetup", "DisplayMagicianSetup\DisplayMagicianSetup.vdproj", "{CB53499C-5139-40B3-B0C4-5DBAC009E775}"
EndProject
Global
	GlobalSection(SolutionConfigurationPlatforms) = preSolution
		Debug|AnyCPU = Debug|AnyCPU
		Debug|ARM64 = Debug|ARM64
		Debug|x64 = Debug|x64
		Debug|x86 = Debug|x86
		Release|AnyCPU = Release|AnyCPU
		Release|ARM64 = Release|ARM64
		Release|x64 = Release|x64
		Release|x86 = Release|x86
	EndGlobalSection
	GlobalSection(ProjectConfigurationPlatforms) = postSolution
		{608D941A-B431-400C-A91D-C6F971C29577}.Debug|AnyCPU.ActiveCfg = Debug|Any CPU
		{608D941A-B431-400C-A91D-C6F971C29577}.Debug|AnyCPU.Build.0 = Debug|Any CPU
		{608D941A-B431-400C-A91D-C6F971C29577}.Debug|ARM64.ActiveCfg = Debug|Any CPU
		{608D941A-B431-400C-A91D-C6F971C29577}.Debug|ARM64.Build.0 = Debug|Any CPU
		{608D941A-B431-400C-A91D-C6F971C29577}.Debug|x64.ActiveCfg = Debug|Any CPU
		{608D941A-B431-400C-A91D-C6F971C29577}.Debug|x64.Build.0 = Debug|Any CPU
		{608D941A-B431-400C-A91D-C6F971C29577}.Debug|x86.ActiveCfg = Debug|Any CPU
		{608D941A-B431-400C-A91D-C6F971C29577}.Debug|x86.Build.0 = Debug|Any CPU
		{608D941A-B431-400C-A91D-C6F971C29577}.Release|AnyCPU.ActiveCfg = Release|Any CPU
		{608D941A-B431-400C-A91D-C6F971C29577}.Release|AnyCPU.Build.0 = Release|Any CPU
		{608D941A-B431-400C-A91D-C6F971C29577}.Release|ARM64.ActiveCfg = Release|Any CPU
		{608D941A-B431-400C-A91D-C6F971C29577}.Release|ARM64.Build.0 = Release|Any CPU
		{608D941A-B431-400C-A91D-C6F971C29577}.Release|x64.ActiveCfg = Release|Any CPU
		{608D941A-B431-400C-A91D-C6F971C29577}.Release|x64.Build.0 = Release|Any CPU
		{608D941A-B431-400C-A91D-C6F971C29577}.Release|x86.ActiveCfg = Release|Any CPU
		{608D941A-B431-400C-A91D-C6F971C29577}.Release|x86.Build.0 = Release|Any CPU
		{1CACDA43-01C7-4CD4-BF6E-9421A29510FC}.Debug|AnyCPU.ActiveCfg = Debug|Any CPU
		{1CACDA43-01C7-4CD4-BF6E-9421A29510FC}.Debug|AnyCPU.Build.0 = Debug|Any CPU
		{1CACDA43-01C7-4CD4-BF6E-9421A29510FC}.Debug|ARM64.ActiveCfg = Debug|Any CPU
		{1CACDA43-01C7-4CD4-BF6E-9421A29510FC}.Debug|ARM64.Build.0 = Debug|Any CPU
		{1CACDA43-01C7-4CD4-BF6E-9421A29510FC}.Debug|x64.ActiveCfg = Debug|Any CPU
		{1CACDA43-01C7-4CD4-BF6E-9421A29510FC}.Debug|x64.Build.0 = Debug|Any CPU
		{1CACDA43-01C7-4CD4-BF6E-9421A29510FC}.Debug|x86.ActiveCfg = Debug|Any CPU
		{1CACDA43-01C7-4CD4-BF6E-9421A29510FC}.Debug|x86.Build.0 = Debug|Any CPU
		{1CACDA43-01C7-4CD4-BF6E-9421A29510FC}.Release|AnyCPU.ActiveCfg = Release|Any CPU
		{1CACDA43-01C7-4CD4-BF6E-9421A29510FC}.Release|AnyCPU.Build.0 = Release|Any CPU
		{1CACDA43-01C7-4CD4-BF6E-9421A29510FC}.Release|ARM64.ActiveCfg = Release|Any CPU
		{1CACDA43-01C7-4CD4-BF6E-9421A29510FC}.Release|ARM64.Build.0 = Release|Any CPU
		{1CACDA43-01C7-4CD4-BF6E-9421A29510FC}.Release|x64.ActiveCfg = Release|Any CPU
		{1CACDA43-01C7-4CD4-BF6E-9421A29510FC}.Release|x64.Build.0 = Release|Any CPU
		{1CACDA43-01C7-4CD4-BF6E-9421A29510FC}.Release|x86.ActiveCfg = Release|Any CPU
		{1CACDA43-01C7-4CD4-BF6E-9421A29510FC}.Release|x86.Build.0 = Release|Any CPU
		{DFD22D4D-F2E4-4BA4-B32A-7A990A35BA08}.Debug|AnyCPU.ActiveCfg = Debug|x64
		{DFD22D4D-F2E4-4BA4-B32A-7A990A35BA08}.Debug|AnyCPU.Build.0 = Debug|x64
		{DFD22D4D-F2E4-4BA4-B32A-7A990A35BA08}.Debug|ARM64.ActiveCfg = Debug|ARM64
		{DFD22D4D-F2E4-4BA4-B32A-7A990A35BA08}.Debug|ARM64.Build.0 = Debug|ARM64
		{DFD22D4D-F2E4-4BA4-B32A-7A990A35BA08}.Debug|x64.ActiveCfg = Debug|x64
		{DFD22D4D-F2E4-4BA4-B32A-7A990A35BA08}.Debug|x64.Build.0 = Debug|x64
		{DFD22D4D-F2E4-4BA4-B32A-7A990A35BA08}.Debug|x86.ActiveCfg = Debug|x86
		{DFD22D4D-F2E4-4BA4-B32A-7A990A35BA08}.Debug|x86.Build.0 = Debug|x86
		{DFD22D4D-F2E4-4BA4-B32A-7A990A35BA08}.Release|AnyCPU.ActiveCfg = Release|x64
		{DFD22D4D-F2E4-4BA4-B32A-7A990A35BA08}.Release|AnyCPU.Build.0 = Release|x64
		{DFD22D4D-F2E4-4BA4-B32A-7A990A35BA08}.Release|ARM64.ActiveCfg = Release|ARM64
		{DFD22D4D-F2E4-4BA4-B32A-7A990A35BA08}.Release|ARM64.Build.0 = Release|ARM64
		{DFD22D4D-F2E4-4BA4-B32A-7A990A35BA08}.Release|x64.ActiveCfg = Release|x64
		{DFD22D4D-F2E4-4BA4-B32A-7A990A35BA08}.Release|x64.Build.0 = Release|x64
		{DFD22D4D-F2E4-4BA4-B32A-7A990A35BA08}.Release|x86.ActiveCfg = Release|x86
		{DFD22D4D-F2E4-4BA4-B32A-7A990A35BA08}.Release|x86.Build.0 = Release|x86
		{CF589774-7E28-4C1A-B4C3-56776A4AD3E4}.Debug|AnyCPU.ActiveCfg = Debug|Any CPU
		{CF589774-7E28-4C1A-B4C3-56776A4AD3E4}.Debug|AnyCPU.Build.0 = Debug|Any CPU
		{CF589774-7E28-4C1A-B4C3-56776A4AD3E4}.Debug|ARM64.ActiveCfg = Debug|Any CPU
		{CF589774-7E28-4C1A-B4C3-56776A4AD3E4}.Debug|ARM64.Build.0 = Debug|Any CPU
		{CF589774-7E28-4C1A-B4C3-56776A4AD3E4}.Debug|x64.ActiveCfg = Debug|Any CPU
		{CF589774-7E28-4C1A-B4C3-56776A4AD3E4}.Debug|x64.Build.0 = Debug|Any CPU
		{CF589774-7E28-4C1A-B4C3-56776A4AD3E4}.Debug|x86.ActiveCfg = Debug|Any CPU
		{CF589774-7E28-4C1A-B4C3-56776A4AD3E4}.Debug|x86.Build.0 = Debug|Any CPU
		{CF589774-7E28-4C1A-B4C3-56776A4AD3E4}.Release|AnyCPU.ActiveCfg = Release|Any CPU
		{CF589774-7E28-4C1A-B4C3-56776A4AD3E4}.Release|AnyCPU.Build.0 = Release|Any CPU
		{CF589774-7E28-4C1A-B4C3-56776A4AD3E4}.Release|ARM64.ActiveCfg = Release|Any CPU
		{CF589774-7E28-4C1A-B4C3-56776A4AD3E4}.Release|ARM64.Build.0 = Release|Any CPU
		{CF589774-7E28-4C1A-B4C3-56776A4AD3E4}.Release|x64.ActiveCfg = Release|Any CPU
		{CF589774-7E28-4C1A-B4C3-56776A4AD3E4}.Release|x64.Build.0 = Release|Any CPU
		{CF589774-7E28-4C1A-B4C3-56776A4AD3E4}.Release|x86.ActiveCfg = Release|Any CPU
		{CF589774-7E28-4C1A-B4C3-56776A4AD3E4}.Release|x86.Build.0 = Release|Any CPU
		{CB53499C-5139-40B3-B0C4-5DBAC009E775}.Debug|AnyCPU.ActiveCfg = Debug
		{CB53499C-5139-40B3-B0C4-5DBAC009E775}.Debug|ARM64.ActiveCfg = Debug
		{CB53499C-5139-40B3-B0C4-5DBAC009E775}.Debug|ARM64.Build.0 = Debug
		{CB53499C-5139-40B3-B0C4-5DBAC009E775}.Debug|x64.ActiveCfg = Debug
		{CB53499C-5139-40B3-B0C4-5DBAC009E775}.Debug|x86.ActiveCfg = Debug
		{CB53499C-5139-40B3-B0C4-5DBAC009E775}.Release|AnyCPU.ActiveCfg = Release
		{CB53499C-5139-40B3-B0C4-5DBAC009E775}.Release|ARM64.ActiveCfg = Release
		{CB53499C-5139-40B3-B0C4-5DBAC009E775}.Release|ARM64.Build.0 = Release
		{CB53499C-5139-40B3-B0C4-5DBAC009E775}.Release|x64.ActiveCfg = Release
		{CB53499C-5139-40B3-B0C4-5DBAC009E775}.Release|x86.ActiveCfg = Release
	EndGlobalSection
	GlobalSection(SolutionProperties) = preSolution
		HideSolutionNode = FALSE
	EndGlobalSection
	GlobalSection(ExtensibilityGlobals) = postSolution
		SolutionGuid = {2F7B8012-31EA-46A2-9B55-7BE90D969F61}
	EndGlobalSection
EndGlobal
