
Microsoft Visual Studio Solution File, Format Version 12.00
# Visual Studio 14
VisualStudioVersion = 14.0.25420.1
MinimumVisualStudioVersion = 10.0.40219.1
Project("{FAE04EC0-301F-11D3-BF4B-00C04F79EFBC}") = "HeliosDisplayManagement", "HeliosDisplayManagement\HeliosDisplayManagement.csproj", "{608D941A-B431-400C-A91D-C6F971C29577}"
EndProject
Project("{FAE04EC0-301F-11D3-BF4B-00C04F79EFBC}") = "HeliosDisplayManagement.ShellExtension", "HeliosDisplayManagement.ShellExtension\HeliosDisplayManagement.ShellExtension.csproj", "{55D4FF65-EDC7-48EF-933E-B6E7F3809B68}"
EndProject
Project("{FAE04EC0-301F-11D3-BF4B-00C04F79EFBC}") = "HeliosDisplayManagement.Shared", "HeliosDisplayManagement.Shared\HeliosDisplayManagement.Shared.csproj", "{1CACDA43-01C7-4CD4-BF6E-9421A29510FC}"
EndProject
Project("{6141683F-8A12-4E36-9623-2EB02B2C2303}") = "HeliosDisplayManagement.Setup", "HeliosDisplayManagement.Setup\HeliosDisplayManagement.Setup.isproj", "{864BBBD9-FF3E-43F4-AEAD-06A9CF84A9BA}"
	ProjectSection(ProjectDependencies) = postProject
		{608D941A-B431-400C-A91D-C6F971C29577} = {608D941A-B431-400C-A91D-C6F971C29577}
		{55D4FF65-EDC7-48EF-933E-B6E7F3809B68} = {55D4FF65-EDC7-48EF-933E-B6E7F3809B68}
	EndProjectSection
EndProject
Global
	GlobalSection(SolutionConfigurationPlatforms) = preSolution
		Debug|Any CPU = Debug|Any CPU
		Release|Any CPU = Release|Any CPU
	EndGlobalSection
	GlobalSection(ProjectConfigurationPlatforms) = postSolution
		{608D941A-B431-400C-A91D-C6F971C29577}.Debug|Any CPU.ActiveCfg = Debug|Any CPU
		{608D941A-B431-400C-A91D-C6F971C29577}.Debug|Any CPU.Build.0 = Debug|Any CPU
		{608D941A-B431-400C-A91D-C6F971C29577}.Release|Any CPU.ActiveCfg = Release|Any CPU
		{608D941A-B431-400C-A91D-C6F971C29577}.Release|Any CPU.Build.0 = Release|Any CPU
		{55D4FF65-EDC7-48EF-933E-B6E7F3809B68}.Debug|Any CPU.ActiveCfg = Debug|Any CPU
		{55D4FF65-EDC7-48EF-933E-B6E7F3809B68}.Debug|Any CPU.Build.0 = Debug|Any CPU
		{55D4FF65-EDC7-48EF-933E-B6E7F3809B68}.Release|Any CPU.ActiveCfg = Release|Any CPU
		{55D4FF65-EDC7-48EF-933E-B6E7F3809B68}.Release|Any CPU.Build.0 = Release|Any CPU
		{1CACDA43-01C7-4CD4-BF6E-9421A29510FC}.Debug|Any CPU.ActiveCfg = Debug|Any CPU
		{1CACDA43-01C7-4CD4-BF6E-9421A29510FC}.Debug|Any CPU.Build.0 = Debug|Any CPU
		{1CACDA43-01C7-4CD4-BF6E-9421A29510FC}.Release|Any CPU.ActiveCfg = Release|Any CPU
		{1CACDA43-01C7-4CD4-BF6E-9421A29510FC}.Release|Any CPU.Build.0 = Release|Any CPU
		{864BBBD9-FF3E-43F4-AEAD-06A9CF84A9BA}.Debug|Any CPU.ActiveCfg = SingleImage
		{864BBBD9-FF3E-43F4-AEAD-06A9CF84A9BA}.Release|Any CPU.ActiveCfg = SingleImage
		{864BBBD9-FF3E-43F4-AEAD-06A9CF84A9BA}.Release|Any CPU.Build.0 = SingleImage
	EndGlobalSection
	GlobalSection(SolutionProperties) = preSolution
		HideSolutionNode = FALSE
	EndGlobalSection
EndGlobal
