Microsoft Visual Studio Solution File, Format Version 12.00
# Visual Studio 14
VisualStudioVersion = 14.0.25420.1
MinimumVisualStudioVersion = 10.0.40219.1
Project("{FAE04EC0-301F-11D3-BF4B-00C04F79EFBC}") = "HeliosDisplayManagement", "HeliosDisplayManagement\HeliosDisplayManagement.csproj", "{608D941A-B431-400C-A91D-C6F971C29577}"
EndProject
Project("{FAE04EC0-301F-11D3-BF4B-00C04F79EFBC}") = "HeliosDisplayManagement.ShellExtension", "HeliosDisplayManagement.ShellExtension\HeliosDisplayManagement.ShellExtension.csproj", "{55D4FF65-EDC7-48EF-933E-B6E7F3809B68}"
EndProject
Project("{FAE04EC0-301F-11D3-BF4B-00C04F79EFBC}") = "HeliosDisplayManagement.Shared", "HeliosDisplayManagement.Shared\HeliosDisplayManagement.Shared.csproj", "{1CACDA43-01C7-4CD4-BF6E-9421A29510FC}"
EndProject
Project("{E729F059-12D4-455F-A2A4-FDA8DD25E08A}") = "HeliosDisplayManagement.Setup", "HeliosDisplayManagement.Setup\HeliosDisplayManagement.Setup.isproj", "{8B2508A9-8167-46D0-83C7-D24BE7407910}"
	ProjectSection(ProjectDependencies) = postProject
		{608D941A-B431-400C-A91D-C6F971C29577} = {608D941A-B431-400C-A91D-C6F971C29577}
		{1CACDA43-01C7-4CD4-BF6E-9421A29510FC} = {1CACDA43-01C7-4CD4-BF6E-9421A29510FC}
		{55D4FF65-EDC7-48EF-933E-B6E7F3809B68} = {55D4FF65-EDC7-48EF-933E-B6E7F3809B68}
	EndProjectSection
EndProject
Global
	GlobalSection(SolutionConfigurationPlatforms) = preSolution
		Debug|AnyCPU = Debug|AnyCPU
		Release|AnyCPU = Release|AnyCPU
	EndGlobalSection
	GlobalSection(ProjectConfigurationPlatforms) = postSolution
		{608D941A-B431-400C-A91D-C6F971C29577}.Debug|AnyCPU.ActiveCfg = Debug|Any CPU
		{608D941A-B431-400C-A91D-C6F971C29577}.Debug|AnyCPU.Build.0 = Debug|Any CPU
		{608D941A-B431-400C-A91D-C6F971C29577}.Release|AnyCPU.ActiveCfg = Release|Any CPU
		{608D941A-B431-400C-A91D-C6F971C29577}.Release|AnyCPU.Build.0 = Release|Any CPU
		{55D4FF65-EDC7-48EF-933E-B6E7F3809B68}.Debug|AnyCPU.ActiveCfg = Debug|Any CPU
		{55D4FF65-EDC7-48EF-933E-B6E7F3809B68}.Debug|AnyCPU.Build.0 = Debug|Any CPU
		{55D4FF65-EDC7-48EF-933E-B6E7F3809B68}.Release|AnyCPU.ActiveCfg = Release|Any CPU
		{55D4FF65-EDC7-48EF-933E-B6E7F3809B68}.Release|AnyCPU.Build.0 = Release|Any CPU
		{1CACDA43-01C7-4CD4-BF6E-9421A29510FC}.Debug|AnyCPU.ActiveCfg = Debug|Any CPU
		{1CACDA43-01C7-4CD4-BF6E-9421A29510FC}.Debug|AnyCPU.Build.0 = Debug|Any CPU
		{1CACDA43-01C7-4CD4-BF6E-9421A29510FC}.Release|AnyCPU.ActiveCfg = Release|Any CPU
		{1CACDA43-01C7-4CD4-BF6E-9421A29510FC}.Release|AnyCPU.Build.0 = Release|Any CPU
		{8B2508A9-8167-46D0-83C7-D24BE7407910}.Debug|AnyCPU.ActiveCfg = x64 Release
		{8B2508A9-8167-46D0-83C7-D24BE7407910}.Release|AnyCPU.ActiveCfg = x64 Release
		{8B2508A9-8167-46D0-83C7-D24BE7407910}.Release|AnyCPU.Build.0 = x64 Release
	EndGlobalSection
	GlobalSection(SolutionProperties) = preSolution
		HideSolutionNode = FALSE
	EndGlobalSection
EndGlobal
