Microsoft Visual Studio Solution File, Format Version 12.00
# Visual Studio Version 16
VisualStudioVersion = 16.0.30002.166
MinimumVisualStudioVersion = 10.0.40219.1
Project("{FAE04EC0-301F-11D3-BF4B-00C04F79EFBC}") = "HeliosPlus", "HeliosPlus\HeliosPlus.csproj", "{608D941A-B431-400C-A91D-C6F971C29577}"
EndProject
Project("{FAE04EC0-301F-11D3-BF4B-00C04F79EFBC}") = "HeliosPlus.ShellExtension", "HeliosPlus.ShellExtension\HeliosPlus.ShellExtension.csproj", "{55D4FF65-EDC7-48EF-933E-B6E7F3809B68}"
EndProject
Project("{FAE04EC0-301F-11D3-BF4B-00C04F79EFBC}") = "HeliosPlus.Shared", "HeliosPlus.Shared\HeliosPlus.Shared.csproj", "{1CACDA43-01C7-4CD4-BF6E-9421A29510FC}"
EndProject
Project("{FAE04EC0-301F-11D3-BF4B-00C04F79EFBC}") = "HeliosPlus.LogReporter", "HeliosPlus.LogReporter\HeliosPlus.LogReporter.csproj", "{76DF2BCF-911B-4820-B63E-8F3468DB5E79}"
EndProject
Project("{9A19103F-16F7-4668-BE54-9A1E7A4F7556}") = "HeliosPlus.Tests", "HeliosPlus.Tests\HeliosPlus.Tests.csproj", "{D7AFD3CC-53BF-4991-ABFE-638A3F355310}"
	ProjectSection(ProjectDependencies) = postProject
		{55D4FF65-EDC7-48EF-933E-B6E7F3809B68} = {55D4FF65-EDC7-48EF-933E-B6E7F3809B68}
		{76DF2BCF-911B-4820-B63E-8F3468DB5E79} = {76DF2BCF-911B-4820-B63E-8F3468DB5E79}
	EndProjectSection
EndProject
Project("{54435603-DBB4-11D2-8724-00A0C9A8B90C}") = "HeliosPlus.Setup", "HeliosPlus.Setup\HeliosPlus.Setup.vdproj", "{2DC67145-6BCC-4BAB-AE6C-EDAEC25B87DA}"
	ProjectSection(ProjectDependencies) = postProject
		{55D4FF65-EDC7-48EF-933E-B6E7F3809B68} = {55D4FF65-EDC7-48EF-933E-B6E7F3809B68}
	EndProjectSection
EndProject
Global
	GlobalSection(SolutionConfigurationPlatforms) = preSolution
		Debug|AnyCPU = Debug|AnyCPU
		Release|AnyCPU = Release|AnyCPU
	EndGlobalSection
	GlobalSection(ProjectConfigurationPlatforms) = postSolution
		{608D941A-B431-400C-A91D-C6F971C29577}.Debug|AnyCPU.ActiveCfg = Debug|Any CPU
		{608D941A-B431-400C-A91D-C6F971C29577}.Debug|AnyCPU.Build.0 = Debug|Any CPU
		{608D941A-B431-400C-A91D-C6F971C29577}.Release|AnyCPU.ActiveCfg = Release|Any CPU
		{608D941A-B431-400C-A91D-C6F971C29577}.Release|AnyCPU.Build.0 = Release|Any CPU
		{55D4FF65-EDC7-48EF-933E-B6E7F3809B68}.Debug|AnyCPU.ActiveCfg = Debug|Any CPU
		{55D4FF65-EDC7-48EF-933E-B6E7F3809B68}.Debug|AnyCPU.Build.0 = Debug|Any CPU
		{55D4FF65-EDC7-48EF-933E-B6E7F3809B68}.Release|AnyCPU.ActiveCfg = Release|Any CPU
		{55D4FF65-EDC7-48EF-933E-B6E7F3809B68}.Release|AnyCPU.Build.0 = Release|Any CPU
		{1CACDA43-01C7-4CD4-BF6E-9421A29510FC}.Debug|AnyCPU.ActiveCfg = Debug|Any CPU
		{1CACDA43-01C7-4CD4-BF6E-9421A29510FC}.Debug|AnyCPU.Build.0 = Debug|Any CPU
		{1CACDA43-01C7-4CD4-BF6E-9421A29510FC}.Release|AnyCPU.ActiveCfg = Release|Any CPU
		{1CACDA43-01C7-4CD4-BF6E-9421A29510FC}.Release|AnyCPU.Build.0 = Release|Any CPU
		{76DF2BCF-911B-4820-B63E-8F3468DB5E79}.Debug|AnyCPU.ActiveCfg = Debug|Any CPU
		{76DF2BCF-911B-4820-B63E-8F3468DB5E79}.Debug|AnyCPU.Build.0 = Debug|Any CPU
		{76DF2BCF-911B-4820-B63E-8F3468DB5E79}.Release|AnyCPU.ActiveCfg = Release|Any CPU
		{76DF2BCF-911B-4820-B63E-8F3468DB5E79}.Release|AnyCPU.Build.0 = Release|Any CPU
		{D7AFD3CC-53BF-4991-ABFE-638A3F355310}.Debug|AnyCPU.ActiveCfg = Debug|Any CPU
		{D7AFD3CC-53BF-4991-ABFE-638A3F355310}.Debug|AnyCPU.Build.0 = Debug|Any CPU
		{D7AFD3CC-53BF-4991-ABFE-638A3F355310}.Release|AnyCPU.ActiveCfg = Release|Any CPU
		{D7AFD3CC-53BF-4991-ABFE-638A3F355310}.Release|AnyCPU.Build.0 = Release|Any CPU
		{2DC67145-6BCC-4BAB-AE6C-EDAEC25B87DA}.Debug|AnyCPU.ActiveCfg = Debug
		{2DC67145-6BCC-4BAB-AE6C-EDAEC25B87DA}.Release|AnyCPU.ActiveCfg = Release
	EndGlobalSection
	GlobalSection(SolutionProperties) = preSolution
		HideSolutionNode = FALSE
	EndGlobalSection
	GlobalSection(ExtensibilityGlobals) = postSolution
		SolutionGuid = {2F7B8012-31EA-46A2-9B55-7BE90D969F61}
	EndGlobalSection
EndGlobal
